
Microsoft Visual Studio Solution File, Format Version 12.00
# Visual Studio Version 17
VisualStudioVersion = 17.10.35027.167
MinimumVisualStudioVersion = 10.0.40219.1
Project("{FAE04EC0-301F-11D3-BF4B-00C04F79EFBC}") = "WebDinark1", "WebDinark1.csproj", "{4F37E68C-1763-40DA-ACCB-F3AB04CB1B94}"
EndProject
Global
	GlobalSection(SolutionConfigurationPlatforms) = preSolution
		Debug|Any CPU = Debug|Any CPU
		Release|Any CPU = Release|Any CPU
	EndGlobalSection
	GlobalSection(ProjectConfigurationPlatforms) = postSolution
		{4F37E68C-1763-40DA-ACCB-F3AB04CB1B94}.Debug|Any CPU.ActiveCfg = Debug|Any CPU
		{4F37E68C-1763-40DA-ACCB-F3AB04CB1B94}.Debug|Any CPU.Build.0 = Debug|Any CPU
		{4F37E68C-1763-40DA-ACCB-F3AB04CB1B94}.Release|Any CPU.ActiveCfg = Release|Any CPU
		{4F37E68C-1763-40DA-ACCB-F3AB04CB1B94}.Release|Any CPU.Build.0 = Release|Any CPU
	EndGlobalSection
	GlobalSection(SolutionProperties) = preSolution
		HideSolutionNode = FALSE
	EndGlobalSection
	GlobalSection(ExtensibilityGlobals) = postSolution
		SolutionGuid = {2C882188-4702-47CB-B1F3-59247570E7D8}
	EndGlobalSection
EndGlobal
